
Microsoft Visual Studio Solution File, Format Version 12.00
# Visual Studio Version 17
VisualStudioVersion = 17.6.33829.357
MinimumVisualStudioVersion = 10.0.40219.1
Project("{FAE04EC0-301F-11D3-BF4B-00C04F79EFBC}") = "SimpleSnake", "SimpleSnake\SimpleSnake.csproj", "{57FCB5E1-0DED-4C1F-A18F-FCF95A8D7DEE}"
EndProject
Global
	GlobalSection(SolutionConfigurationPlatforms) = preSolution
		Debug|Any CPU = Debug|Any CPU
		Release|Any CPU = Release|Any CPU
	EndGlobalSection
	GlobalSection(ProjectConfigurationPlatforms) = postSolution
		{57FCB5E1-0DED-4C1F-A18F-FCF95A8D7DEE}.Debug|Any CPU.ActiveCfg = Debug|Any CPU
		{57FCB5E1-0DED-4C1F-A18F-FCF95A8D7DEE}.Debug|Any CPU.Build.0 = Debug|Any CPU
		{57FCB5E1-0DED-4C1F-A18F-FCF95A8D7DEE}.Release|Any CPU.ActiveCfg = Release|Any CPU
		{57FCB5E1-0DED-4C1F-A18F-FCF95A8D7DEE}.Release|Any CPU.Build.0 = Release|Any CPU
	EndGlobalSection
	GlobalSection(SolutionProperties) = preSolution
		HideSolutionNode = FALSE
	EndGlobalSection
	GlobalSection(ExtensibilityGlobals) = postSolution
		SolutionGuid = {769CEC07-ADE8-4F51-BEA4-713103FB669E}
	EndGlobalSection
EndGlobal
