
Microsoft Visual Studio Solution File, Format Version 12.00
# Visual Studio Version 17
VisualStudioVersion = 17.6.33829.357
MinimumVisualStudioVersion = 10.0.40219.1
Project("{FAE04EC0-301F-11D3-BF4B-00C04F79EFBC}") = "MockingAndTestDrivenDevelopmentBeta", "MockingAndTestDrivenDevelopmentBeta\MockingAndTestDrivenDevelopmentBeta.csproj", "{9239B5F6-7F2F-44C7-ACC1-D0730DBF83DE}"
EndProject
Global
	GlobalSection(SolutionConfigurationPlatforms) = preSolution
		Debug|Any CPU = Debug|Any CPU
		Release|Any CPU = Release|Any CPU
	EndGlobalSection
	GlobalSection(ProjectConfigurationPlatforms) = postSolution
		{9239B5F6-7F2F-44C7-ACC1-D0730DBF83DE}.Debug|Any CPU.ActiveCfg = Debug|Any CPU
		{9239B5F6-7F2F-44C7-ACC1-D0730DBF83DE}.Debug|Any CPU.Build.0 = Debug|Any CPU
		{9239B5F6-7F2F-44C7-ACC1-D0730DBF83DE}.Release|Any CPU.ActiveCfg = Release|Any CPU
		{9239B5F6-7F2F-44C7-ACC1-D0730DBF83DE}.Release|Any CPU.Build.0 = Release|Any CPU
	EndGlobalSection
	GlobalSection(SolutionProperties) = preSolution
		HideSolutionNode = FALSE
	EndGlobalSection
	GlobalSection(ExtensibilityGlobals) = postSolution
		SolutionGuid = {0E7D3436-4DEC-43C5-9209-37C58B908897}
	EndGlobalSection
EndGlobal
