
Microsoft Visual Studio Solution File, Format Version 12.00
# Visual Studio Version 17
VisualStudioVersion = 17.6.33829.357
MinimumVisualStudioVersion = 10.0.40219.1
Project("{FAE04EC0-301F-11D3-BF4B-00C04F79EFBC}") = "SoftUni", "SoftUni\SoftUni.csproj", "{5FFC916B-3039-4E26-A028-4C33F64DFB08}"
EndProject
Global
	GlobalSection(SolutionConfigurationPlatforms) = preSolution
		Debug|Any CPU = Debug|Any CPU
		Release|Any CPU = Release|Any CPU
	EndGlobalSection
	GlobalSection(ProjectConfigurationPlatforms) = postSolution
		{5FFC916B-3039-4E26-A028-4C33F64DFB08}.Debug|Any CPU.ActiveCfg = Debug|Any CPU
		{5FFC916B-3039-4E26-A028-4C33F64DFB08}.Debug|Any CPU.Build.0 = Debug|Any CPU
		{5FFC916B-3039-4E26-A028-4C33F64DFB08}.Release|Any CPU.ActiveCfg = Release|Any CPU
		{5FFC916B-3039-4E26-A028-4C33F64DFB08}.Release|Any CPU.Build.0 = Release|Any CPU
	EndGlobalSection
	GlobalSection(SolutionProperties) = preSolution
		HideSolutionNode = FALSE
	EndGlobalSection
	GlobalSection(ExtensibilityGlobals) = postSolution
		SolutionGuid = {10A6EB09-412A-4ADB-9329-2A05AD14A3AC}
	EndGlobalSection
EndGlobal
