
Microsoft Visual Studio Solution File, Format Version 12.00
# Visual Studio Version 17
VisualStudioVersion = 17.11.35327.3
MinimumVisualStudioVersion = 10.0.40219.1
Project("{FAE04EC0-301F-11D3-BF4B-00C04F79EFBC}") = "01.Vehicles", "01.Vehicles\01.Vehicles.csproj", "{E5C5431A-6E68-4A23-A624-0A3AD9301253}"
EndProject
Project("{FAE04EC0-301F-11D3-BF4B-00C04F79EFBC}") = "02. Vehicles Extension", "02. Vehicles Extension\02. Vehicles Extension.csproj", "{0C1E5ED3-9562-4E8D-BD38-EC38AF3A02A8}"
EndProject
Project("{FAE04EC0-301F-11D3-BF4B-00C04F79EFBC}") = "03. Raiding", "03. Raiding\03. Raiding.csproj", "{BB50B9B6-DFED-4B43-BBA1-94893BB912C9}"
EndProject
Global
	GlobalSection(SolutionConfigurationPlatforms) = preSolution
		Debug|Any CPU = Debug|Any CPU
		Release|Any CPU = Release|Any CPU
	EndGlobalSection
	GlobalSection(ProjectConfigurationPlatforms) = postSolution
		{E5C5431A-6E68-4A23-A624-0A3AD9301253}.Debug|Any CPU.ActiveCfg = Debug|Any CPU
		{E5C5431A-6E68-4A23-A624-0A3AD9301253}.Debug|Any CPU.Build.0 = Debug|Any CPU
		{E5C5431A-6E68-4A23-A624-0A3AD9301253}.Release|Any CPU.ActiveCfg = Release|Any CPU
		{E5C5431A-6E68-4A23-A624-0A3AD9301253}.Release|Any CPU.Build.0 = Release|Any CPU
		{0C1E5ED3-9562-4E8D-BD38-EC38AF3A02A8}.Debug|Any CPU.ActiveCfg = Debug|Any CPU
		{0C1E5ED3-9562-4E8D-BD38-EC38AF3A02A8}.Debug|Any CPU.Build.0 = Debug|Any CPU
		{0C1E5ED3-9562-4E8D-BD38-EC38AF3A02A8}.Release|Any CPU.ActiveCfg = Release|Any CPU
		{0C1E5ED3-9562-4E8D-BD38-EC38AF3A02A8}.Release|Any CPU.Build.0 = Release|Any CPU
		{BB50B9B6-DFED-4B43-BBA1-94893BB912C9}.Debug|Any CPU.ActiveCfg = Debug|Any CPU
		{BB50B9B6-DFED-4B43-BBA1-94893BB912C9}.Debug|Any CPU.Build.0 = Debug|Any CPU
		{BB50B9B6-DFED-4B43-BBA1-94893BB912C9}.Release|Any CPU.ActiveCfg = Release|Any CPU
		{BB50B9B6-DFED-4B43-BBA1-94893BB912C9}.Release|Any CPU.Build.0 = Release|Any CPU
	EndGlobalSection
	GlobalSection(SolutionProperties) = preSolution
		HideSolutionNode = FALSE
	EndGlobalSection
	GlobalSection(ExtensibilityGlobals) = postSolution
		SolutionGuid = {C12B3B9D-7C3A-4D0F-9050-27FACA27B759}
	EndGlobalSection
EndGlobal
