
Microsoft Visual Studio Solution File, Format Version 12.00
# Visual Studio Version 17
VisualStudioVersion = 17.6.33829.357
MinimumVisualStudioVersion = 10.0.40219.1
Project("{FAE04EC0-301F-11D3-BF4B-00C04F79EFBC}") = "TestDrivenDevelopmentAndMocking", "TestDrivenDevelopmentAndMocking\TestDrivenDevelopmentAndMocking.csproj", "{355903BE-9074-4DC1-8B23-3F34A65C85A5}"
EndProject
Global
	GlobalSection(SolutionConfigurationPlatforms) = preSolution
		Debug|Any CPU = Debug|Any CPU
		Release|Any CPU = Release|Any CPU
	EndGlobalSection
	GlobalSection(ProjectConfigurationPlatforms) = postSolution
		{355903BE-9074-4DC1-8B23-3F34A65C85A5}.Debug|Any CPU.ActiveCfg = Debug|Any CPU
		{355903BE-9074-4DC1-8B23-3F34A65C85A5}.Debug|Any CPU.Build.0 = Debug|Any CPU
		{355903BE-9074-4DC1-8B23-3F34A65C85A5}.Release|Any CPU.ActiveCfg = Release|Any CPU
		{355903BE-9074-4DC1-8B23-3F34A65C85A5}.Release|Any CPU.Build.0 = Release|Any CPU
	EndGlobalSection
	GlobalSection(SolutionProperties) = preSolution
		HideSolutionNode = FALSE
	EndGlobalSection
	GlobalSection(ExtensibilityGlobals) = postSolution
		SolutionGuid = {6559B734-DB1C-44C2-B565-602B62B2EE31}
	EndGlobalSection
EndGlobal
