
Microsoft Visual Studio Solution File, Format Version 12.00
# Visual Studio Version 17
VisualStudioVersion = 17.11.35327.3
MinimumVisualStudioVersion = 10.0.40219.1
Project("{FAE04EC0-301F-11D3-BF4B-00C04F79EFBC}") = "01. Test Axe", "01. Test Axe\01. Test Axe.csproj", "{97A08E75-AA18-43F0-9634-73BFEDCA26B5}"
EndProject
Project("{FAE04EC0-301F-11D3-BF4B-00C04F79EFBC}") = "02. Dummy Tests", "02. Dummy Tests\02. Dummy Tests.csproj", "{9F9A5C1F-5825-4198-A767-9726A057E955}"
EndProject
Global
	GlobalSection(SolutionConfigurationPlatforms) = preSolution
		Debug|Any CPU = Debug|Any CPU
		Release|Any CPU = Release|Any CPU
	EndGlobalSection
	GlobalSection(ProjectConfigurationPlatforms) = postSolution
		{97A08E75-AA18-43F0-9634-73BFEDCA26B5}.Debug|Any CPU.ActiveCfg = Debug|Any CPU
		{97A08E75-AA18-43F0-9634-73BFEDCA26B5}.Debug|Any CPU.Build.0 = Debug|Any CPU
		{97A08E75-AA18-43F0-9634-73BFEDCA26B5}.Release|Any CPU.ActiveCfg = Release|Any CPU
		{97A08E75-AA18-43F0-9634-73BFEDCA26B5}.Release|Any CPU.Build.0 = Release|Any CPU
		{9F9A5C1F-5825-4198-A767-9726A057E955}.Debug|Any CPU.ActiveCfg = Debug|Any CPU
		{9F9A5C1F-5825-4198-A767-9726A057E955}.Debug|Any CPU.Build.0 = Debug|Any CPU
		{9F9A5C1F-5825-4198-A767-9726A057E955}.Release|Any CPU.ActiveCfg = Release|Any CPU
		{9F9A5C1F-5825-4198-A767-9726A057E955}.Release|Any CPU.Build.0 = Release|Any CPU
	EndGlobalSection
	GlobalSection(SolutionProperties) = preSolution
		HideSolutionNode = FALSE
	EndGlobalSection
	GlobalSection(ExtensibilityGlobals) = postSolution
		SolutionGuid = {0A173144-F616-4F18-9801-E1989617FCED}
	EndGlobalSection
EndGlobal
