
Microsoft Visual Studio Solution File, Format Version 12.00
# Visual Studio Version 17
VisualStudioVersion = 17.11.35327.3
MinimumVisualStudioVersion = 10.0.40219.1
Project("{FAE04EC0-301F-11D3-BF4B-00C04F79EFBC}") = "02.Speed Racing", "02.Speed Racing\02.Speed Racing.csproj", "{D4A40855-B28E-4977-8143-CF5A552F5400}"
EndProject
Project("{FAE04EC0-301F-11D3-BF4B-00C04F79EFBC}") = "01.Person", "01.Person\01.Person.csproj", "{4D1A52CA-B35B-4BFA-9D57-D8F5B951D1D6}"
EndProject
Global
	GlobalSection(SolutionConfigurationPlatforms) = preSolution
		Debug|Any CPU = Debug|Any CPU
		Release|Any CPU = Release|Any CPU
	EndGlobalSection
	GlobalSection(ProjectConfigurationPlatforms) = postSolution
		{D4A40855-B28E-4977-8143-CF5A552F5400}.Debug|Any CPU.ActiveCfg = Debug|Any CPU
		{D4A40855-B28E-4977-8143-CF5A552F5400}.Debug|Any CPU.Build.0 = Debug|Any CPU
		{D4A40855-B28E-4977-8143-CF5A552F5400}.Release|Any CPU.ActiveCfg = Release|Any CPU
		{D4A40855-B28E-4977-8143-CF5A552F5400}.Release|Any CPU.Build.0 = Release|Any CPU
		{4D1A52CA-B35B-4BFA-9D57-D8F5B951D1D6}.Debug|Any CPU.ActiveCfg = Debug|Any CPU
		{4D1A52CA-B35B-4BFA-9D57-D8F5B951D1D6}.Debug|Any CPU.Build.0 = Debug|Any CPU
		{4D1A52CA-B35B-4BFA-9D57-D8F5B951D1D6}.Release|Any CPU.ActiveCfg = Release|Any CPU
		{4D1A52CA-B35B-4BFA-9D57-D8F5B951D1D6}.Release|Any CPU.Build.0 = Release|Any CPU
	EndGlobalSection
	GlobalSection(SolutionProperties) = preSolution
		HideSolutionNode = FALSE
	EndGlobalSection
	GlobalSection(ExtensibilityGlobals) = postSolution
		SolutionGuid = {D3806B36-0B06-43BF-973F-788A2B897C53}
	EndGlobalSection
EndGlobal
