
Microsoft Visual Studio Solution File, Format Version 12.00
# Visual Studio Version 17
VisualStudioVersion = 17.6.33829.357
MinimumVisualStudioVersion = 10.0.40219.1
Project("{9A19103F-16F7-4668-BE54-9A1E7A4F7556}") = "Singleton", "DesignPatterns\Singleton.csproj", "{72848EB2-55E8-4192-9B45-E0BB60B7A602}"
EndProject
Project("{FAE04EC0-301F-11D3-BF4B-00C04F79EFBC}") = "FactoryMethod", "FactoryMethod\FactoryMethod.csproj", "{D55F5CC3-241A-4EC4-A0C5-705FD4E2BF9E}"
EndProject
Global
	GlobalSection(SolutionConfigurationPlatforms) = preSolution
		Debug|Any CPU = Debug|Any CPU
		Release|Any CPU = Release|Any CPU
	EndGlobalSection
	GlobalSection(ProjectConfigurationPlatforms) = postSolution
		{72848EB2-55E8-4192-9B45-E0BB60B7A602}.Debug|Any CPU.ActiveCfg = Debug|Any CPU
		{72848EB2-55E8-4192-9B45-E0BB60B7A602}.Debug|Any CPU.Build.0 = Debug|Any CPU
		{72848EB2-55E8-4192-9B45-E0BB60B7A602}.Release|Any CPU.ActiveCfg = Release|Any CPU
		{72848EB2-55E8-4192-9B45-E0BB60B7A602}.Release|Any CPU.Build.0 = Release|Any CPU
		{D55F5CC3-241A-4EC4-A0C5-705FD4E2BF9E}.Debug|Any CPU.ActiveCfg = Debug|Any CPU
		{D55F5CC3-241A-4EC4-A0C5-705FD4E2BF9E}.Debug|Any CPU.Build.0 = Debug|Any CPU
		{D55F5CC3-241A-4EC4-A0C5-705FD4E2BF9E}.Release|Any CPU.ActiveCfg = Release|Any CPU
		{D55F5CC3-241A-4EC4-A0C5-705FD4E2BF9E}.Release|Any CPU.Build.0 = Release|Any CPU
	EndGlobalSection
	GlobalSection(SolutionProperties) = preSolution
		HideSolutionNode = FALSE
	EndGlobalSection
	GlobalSection(ExtensibilityGlobals) = postSolution
		SolutionGuid = {75FFD073-7213-4242-8036-2196290E75F9}
	EndGlobalSection
EndGlobal
